
Microsoft Visual Studio Solution File, Format Version 12.00
# Visual Studio Version 17
VisualStudioVersion = 17.13.35825.156
MinimumVisualStudioVersion = 10.0.40219.1
Project("{FAE04EC0-301F-11D3-BF4B-00C04F79EFBC}") = "01_Processes", "01_Processes\01_Processes.csproj", "{BA0D03DF-10C9-4BDE-B6E4-6671F794AC1B}"
EndProject
Project("{FAE04EC0-301F-11D3-BF4B-00C04F79EFBC}") = "02_TaskManager", "02_TaskManager\02_TaskManager.csproj", "{3100E3AB-0413-41ED-A6EA-5EEF81631949}"
EndProject
Project("{FAE04EC0-301F-11D3-BF4B-00C04F79EFBC}") = "03_Thread", "03_Thread\03_Thread.csproj", "{E79B1205-B9C6-4967-A4F3-9FDA6044CC67}"
EndProject
Project("{FAE04EC0-301F-11D3-BF4B-00C04F79EFBC}") = "03_Thread_ProgressBar", "03_Thread_ProgressBar\03_Thread_ProgressBar.csproj", "{C09FA003-77ED-48BC-8E7D-97D56F606D26}"
EndProject
Project("{FAE04EC0-301F-11D3-BF4B-00C04F79EFBC}") = "04_Thread_Syn", "04_Thread_Syn\04_Thread_Syn.csproj", "{91EA4640-4E90-4871-9283-B83F5A3A7AC5}"
EndProject
Project("{FAE04EC0-301F-11D3-BF4B-00C04F79EFBC}") = "04_Thread_Syn_lock", "04_Thread_Syn_lock\04_Thread_Syn_lock.csproj", "{FFCDC8B5-B54C-436D-85DE-2A029DB45157}"
EndProject
Project("{FAE04EC0-301F-11D3-BF4B-00C04F79EFBC}") = "05_Task", "05_Task\05_Task.csproj", "{28FC1ADD-3D39-4125-BD26-62C67B0F594E}"
EndProject
Project("{FAE04EC0-301F-11D3-BF4B-00C04F79EFBC}") = "06_Async_await_demo-first", "06_Async_await_demo-first\06_Async_await_demo-first.csproj", "{C52D61A0-F3CF-4B86-B414-F32045D61158}"
EndProject
Global
	GlobalSection(SolutionConfigurationPlatforms) = preSolution
		Debug|Any CPU = Debug|Any CPU
		Release|Any CPU = Release|Any CPU
	EndGlobalSection
	GlobalSection(ProjectConfigurationPlatforms) = postSolution
		{BA0D03DF-10C9-4BDE-B6E4-6671F794AC1B}.Debug|Any CPU.ActiveCfg = Debug|Any CPU
		{BA0D03DF-10C9-4BDE-B6E4-6671F794AC1B}.Debug|Any CPU.Build.0 = Debug|Any CPU
		{BA0D03DF-10C9-4BDE-B6E4-6671F794AC1B}.Release|Any CPU.ActiveCfg = Release|Any CPU
		{BA0D03DF-10C9-4BDE-B6E4-6671F794AC1B}.Release|Any CPU.Build.0 = Release|Any CPU
		{3100E3AB-0413-41ED-A6EA-5EEF81631949}.Debug|Any CPU.ActiveCfg = Debug|Any CPU
		{3100E3AB-0413-41ED-A6EA-5EEF81631949}.Debug|Any CPU.Build.0 = Debug|Any CPU
		{3100E3AB-0413-41ED-A6EA-5EEF81631949}.Release|Any CPU.ActiveCfg = Release|Any CPU
		{3100E3AB-0413-41ED-A6EA-5EEF81631949}.Release|Any CPU.Build.0 = Release|Any CPU
		{E79B1205-B9C6-4967-A4F3-9FDA6044CC67}.Debug|Any CPU.ActiveCfg = Debug|Any CPU
		{E79B1205-B9C6-4967-A4F3-9FDA6044CC67}.Debug|Any CPU.Build.0 = Debug|Any CPU
		{E79B1205-B9C6-4967-A4F3-9FDA6044CC67}.Release|Any CPU.ActiveCfg = Release|Any CPU
		{E79B1205-B9C6-4967-A4F3-9FDA6044CC67}.Release|Any CPU.Build.0 = Release|Any CPU
		{C09FA003-77ED-48BC-8E7D-97D56F606D26}.Debug|Any CPU.ActiveCfg = Debug|Any CPU
		{C09FA003-77ED-48BC-8E7D-97D56F606D26}.Debug|Any CPU.Build.0 = Debug|Any CPU
		{C09FA003-77ED-48BC-8E7D-97D56F606D26}.Release|Any CPU.ActiveCfg = Release|Any CPU
		{C09FA003-77ED-48BC-8E7D-97D56F606D26}.Release|Any CPU.Build.0 = Release|Any CPU
		{91EA4640-4E90-4871-9283-B83F5A3A7AC5}.Debug|Any CPU.ActiveCfg = Debug|Any CPU
		{91EA4640-4E90-4871-9283-B83F5A3A7AC5}.Debug|Any CPU.Build.0 = Debug|Any CPU
		{91EA4640-4E90-4871-9283-B83F5A3A7AC5}.Release|Any CPU.ActiveCfg = Release|Any CPU
		{91EA4640-4E90-4871-9283-B83F5A3A7AC5}.Release|Any CPU.Build.0 = Release|Any CPU
		{FFCDC8B5-B54C-436D-85DE-2A029DB45157}.Debug|Any CPU.ActiveCfg = Debug|Any CPU
		{FFCDC8B5-B54C-436D-85DE-2A029DB45157}.Debug|Any CPU.Build.0 = Debug|Any CPU
		{FFCDC8B5-B54C-436D-85DE-2A029DB45157}.Release|Any CPU.ActiveCfg = Release|Any CPU
		{FFCDC8B5-B54C-436D-85DE-2A029DB45157}.Release|Any CPU.Build.0 = Release|Any CPU
		{28FC1ADD-3D39-4125-BD26-62C67B0F594E}.Debug|Any CPU.ActiveCfg = Debug|Any CPU
		{28FC1ADD-3D39-4125-BD26-62C67B0F594E}.Debug|Any CPU.Build.0 = Debug|Any CPU
		{28FC1ADD-3D39-4125-BD26-62C67B0F594E}.Release|Any CPU.ActiveCfg = Release|Any CPU
		{28FC1ADD-3D39-4125-BD26-62C67B0F594E}.Release|Any CPU.Build.0 = Release|Any CPU
		{C52D61A0-F3CF-4B86-B414-F32045D61158}.Debug|Any CPU.ActiveCfg = Debug|Any CPU
		{C52D61A0-F3CF-4B86-B414-F32045D61158}.Debug|Any CPU.Build.0 = Debug|Any CPU
		{C52D61A0-F3CF-4B86-B414-F32045D61158}.Release|Any CPU.ActiveCfg = Release|Any CPU
		{C52D61A0-F3CF-4B86-B414-F32045D61158}.Release|Any CPU.Build.0 = Release|Any CPU
	EndGlobalSection
	GlobalSection(SolutionProperties) = preSolution
		HideSolutionNode = FALSE
	EndGlobalSection
	GlobalSection(ExtensibilityGlobals) = postSolution
		SolutionGuid = {E6C545C4-F508-4AF9-AF20-171BF0EB7D39}
	EndGlobalSection
EndGlobal
